
Microsoft Visual Studio Solution File, Format Version 12.00
# Visual Studio Version 16
VisualStudioVersion = 16.0.29920.165
MinimumVisualStudioVersion = 10.0.40219.1
Project("{FAE04EC0-301F-11D3-BF4B-00C04F79EFBC}") = "ConvertToIco", "ConvertToIco\ConvertToIco.csproj", "{A4587A77-FE42-48EB-9692-B6CB6A8E9274}"
EndProject
Global
	GlobalSection(SolutionConfigurationPlatforms) = preSolution
		Debug|Any CPU = Debug|Any CPU
		Release|Any CPU = Release|Any CPU
	EndGlobalSection
	GlobalSection(ProjectConfigurationPlatforms) = postSolution
		{A4587A77-FE42-48EB-9692-B6CB6A8E9274}.Debug|Any CPU.ActiveCfg = Debug|Any CPU
		{A4587A77-FE42-48EB-9692-B6CB6A8E9274}.Debug|Any CPU.Build.0 = Debug|Any CPU
		{A4587A77-FE42-48EB-9692-B6CB6A8E9274}.Release|Any CPU.ActiveCfg = Release|Any CPU
		{A4587A77-FE42-48EB-9692-B6CB6A8E9274}.Release|Any CPU.Build.0 = Release|Any CPU
	EndGlobalSection
	GlobalSection(SolutionProperties) = preSolution
		HideSolutionNode = FALSE
	EndGlobalSection
	GlobalSection(ExtensibilityGlobals) = postSolution
		SolutionGuid = {62B54C9A-C306-40E9-A59E-81EA4203381A}
	EndGlobalSection
EndGlobal
